
Microsoft Visual Studio Solution File, Format Version 12.00
# Visual Studio Version 16
VisualStudioVersion = 16.0.30717.126
MinimumVisualStudioVersion = 10.0.40219.1
Project("{8BC9CEB8-8B4A-11D0-8D11-00A0C91BC942}") = "Septembar2017", "Septembar2017\Septembar2017.vcxproj", "{B07A3A5F-2633-4C01-89C7-17565CB25076}"
EndProject
Global
	GlobalSection(SolutionConfigurationPlatforms) = preSolution
		Debug|x64 = Debug|x64
		Debug|x86 = Debug|x86
		Release|x64 = Release|x64
		Release|x86 = Release|x86
	EndGlobalSection
	GlobalSection(ProjectConfigurationPlatforms) = postSolution
		{B07A3A5F-2633-4C01-89C7-17565CB25076}.Debug|x64.ActiveCfg = Debug|x64
		{B07A3A5F-2633-4C01-89C7-17565CB25076}.Debug|x64.Build.0 = Debug|x64
		{B07A3A5F-2633-4C01-89C7-17565CB25076}.Debug|x86.ActiveCfg = Debug|Win32
		{B07A3A5F-2633-4C01-89C7-17565CB25076}.Debug|x86.Build.0 = Debug|Win32
		{B07A3A5F-2633-4C01-89C7-17565CB25076}.Release|x64.ActiveCfg = Release|x64
		{B07A3A5F-2633-4C01-89C7-17565CB25076}.Release|x64.Build.0 = Release|x64
		{B07A3A5F-2633-4C01-89C7-17565CB25076}.Release|x86.ActiveCfg = Release|Win32
		{B07A3A5F-2633-4C01-89C7-17565CB25076}.Release|x86.Build.0 = Release|Win32
	EndGlobalSection
	GlobalSection(SolutionProperties) = preSolution
		HideSolutionNode = FALSE
	EndGlobalSection
	GlobalSection(ExtensibilityGlobals) = postSolution
		SolutionGuid = {00CD4B54-CC14-4F60-9BCA-6A345F392A08}
	EndGlobalSection
EndGlobal
