
Microsoft Visual Studio Solution File, Format Version 12.00
# Visual Studio Version 16
VisualStudioVersion = 16.0.30711.63
MinimumVisualStudioVersion = 10.0.40219.1
Project("{8BC9CEB8-8B4A-11D0-8D11-00A0C91BC942}") = "Lab5", "Lab5\Lab5.vcxproj", "{B6BB2FF6-34D7-4AEE-B6D2-094FFC637B05}"
EndProject
Global
	GlobalSection(SolutionConfigurationPlatforms) = preSolution
		Debug|x64 = Debug|x64
		Debug|x86 = Debug|x86
		Release|x64 = Release|x64
		Release|x86 = Release|x86
	EndGlobalSection
	GlobalSection(ProjectConfigurationPlatforms) = postSolution
		{B6BB2FF6-34D7-4AEE-B6D2-094FFC637B05}.Debug|x64.ActiveCfg = Debug|x64
		{B6BB2FF6-34D7-4AEE-B6D2-094FFC637B05}.Debug|x64.Build.0 = Debug|x64
		{B6BB2FF6-34D7-4AEE-B6D2-094FFC637B05}.Debug|x86.ActiveCfg = Debug|Win32
		{B6BB2FF6-34D7-4AEE-B6D2-094FFC637B05}.Debug|x86.Build.0 = Debug|Win32
		{B6BB2FF6-34D7-4AEE-B6D2-094FFC637B05}.Release|x64.ActiveCfg = Release|x64
		{B6BB2FF6-34D7-4AEE-B6D2-094FFC637B05}.Release|x64.Build.0 = Release|x64
		{B6BB2FF6-34D7-4AEE-B6D2-094FFC637B05}.Release|x86.ActiveCfg = Release|Win32
		{B6BB2FF6-34D7-4AEE-B6D2-094FFC637B05}.Release|x86.Build.0 = Release|Win32
	EndGlobalSection
	GlobalSection(SolutionProperties) = preSolution
		HideSolutionNode = FALSE
	EndGlobalSection
	GlobalSection(ExtensibilityGlobals) = postSolution
		SolutionGuid = {680F2A70-B61D-4460-BF79-D8023D4E59D1}
	EndGlobalSection
EndGlobal
